
Microsoft Visual Studio Solution File, Format Version 12.00
# Visual Studio Version 16
VisualStudioVersion = 16.0.31515.178
MinimumVisualStudioVersion = 10.0.40219.1
Project("{8BC9CEB8-8B4A-11D0-8D11-00A0C91BC942}") = "bounded_knapsack_problem.cpp", "bounded_knapsack_problem.cpp.vcxproj", "{F7ED94DA-32FB-4A51-A9A7-6C1F70C4180E}"
EndProject
Global
	GlobalSection(SolutionConfigurationPlatforms) = preSolution
		Debug|x64 = Debug|x64
		Debug|x86 = Debug|x86
		Release|x64 = Release|x64
		Release|x86 = Release|x86
	EndGlobalSection
	GlobalSection(ProjectConfigurationPlatforms) = postSolution
		{F7ED94DA-32FB-4A51-A9A7-6C1F70C4180E}.Debug|x64.ActiveCfg = Debug|x64
		{F7ED94DA-32FB-4A51-A9A7-6C1F70C4180E}.Debug|x64.Build.0 = Debug|x64
		{F7ED94DA-32FB-4A51-A9A7-6C1F70C4180E}.Debug|x86.ActiveCfg = Debug|Win32
		{F7ED94DA-32FB-4A51-A9A7-6C1F70C4180E}.Debug|x86.Build.0 = Debug|Win32
		{F7ED94DA-32FB-4A51-A9A7-6C1F70C4180E}.Release|x64.ActiveCfg = Release|x64
		{F7ED94DA-32FB-4A51-A9A7-6C1F70C4180E}.Release|x64.Build.0 = Release|x64
		{F7ED94DA-32FB-4A51-A9A7-6C1F70C4180E}.Release|x86.ActiveCfg = Release|Win32
		{F7ED94DA-32FB-4A51-A9A7-6C1F70C4180E}.Release|x86.Build.0 = Release|Win32
	EndGlobalSection
	GlobalSection(SolutionProperties) = preSolution
		HideSolutionNode = FALSE
	EndGlobalSection
	GlobalSection(ExtensibilityGlobals) = postSolution
		SolutionGuid = {C45A3B7D-BB05-4DA4-9C7B-43D9F2B715A0}
	EndGlobalSection
EndGlobal
